
Microsoft Visual Studio Solution File, Format Version 11.00
# Visual Studio 2010
Project("{F184B08F-C81C-45F6-A57F-5ABD9991F28F}") = "BattleField Awareness of Indian Army", "BattleField Awareness of Indian Army\BattleField Awareness of Indian Army.vbproj", "{4F11D15C-5410-4EE0-991F-95E3DA2EDD68}"
EndProject
Global
	GlobalSection(SolutionConfigurationPlatforms) = preSolution
		Debug|x86 = Debug|x86
		Release|x86 = Release|x86
	EndGlobalSection
	GlobalSection(ProjectConfigurationPlatforms) = postSolution
		{4F11D15C-5410-4EE0-991F-95E3DA2EDD68}.Debug|x86.ActiveCfg = Debug|x86
		{4F11D15C-5410-4EE0-991F-95E3DA2EDD68}.Debug|x86.Build.0 = Debug|x86
		{4F11D15C-5410-4EE0-991F-95E3DA2EDD68}.Release|x86.ActiveCfg = Release|x86
		{4F11D15C-5410-4EE0-991F-95E3DA2EDD68}.Release|x86.Build.0 = Release|x86
	EndGlobalSection
	GlobalSection(SolutionProperties) = preSolution
		HideSolutionNode = FALSE
	EndGlobalSection
EndGlobal
